
Microsoft Visual Studio Solution File, Format Version 12.00
# Visual Studio Version 16
VisualStudioVersion = 16.0.30523.141
MinimumVisualStudioVersion = 10.0.40219.1
Project("{FAE04EC0-301F-11D3-BF4B-00C04F79EFBC}") = "Tariffe", "TariffaTest\Tariffe.csproj", "{957CF0AF-27CD-48C1-B8B6-6FED2923F49D}"
EndProject
Project("{FAE04EC0-301F-11D3-BF4B-00C04F79EFBC}") = "TestGesione", "TestGesione\TestGesione.csproj", "{5B4F97E6-B1E5-4AD7-8B18-886D41E62966}"
EndProject
Global
	GlobalSection(SolutionConfigurationPlatforms) = preSolution
		Debug|Any CPU = Debug|Any CPU
		Release|Any CPU = Release|Any CPU
	EndGlobalSection
	GlobalSection(ProjectConfigurationPlatforms) = postSolution
		{957CF0AF-27CD-48C1-B8B6-6FED2923F49D}.Debug|Any CPU.ActiveCfg = Debug|Any CPU
		{957CF0AF-27CD-48C1-B8B6-6FED2923F49D}.Debug|Any CPU.Build.0 = Debug|Any CPU
		{957CF0AF-27CD-48C1-B8B6-6FED2923F49D}.Release|Any CPU.ActiveCfg = Release|Any CPU
		{957CF0AF-27CD-48C1-B8B6-6FED2923F49D}.Release|Any CPU.Build.0 = Release|Any CPU
		{5B4F97E6-B1E5-4AD7-8B18-886D41E62966}.Debug|Any CPU.ActiveCfg = Debug|Any CPU
		{5B4F97E6-B1E5-4AD7-8B18-886D41E62966}.Debug|Any CPU.Build.0 = Debug|Any CPU
		{5B4F97E6-B1E5-4AD7-8B18-886D41E62966}.Release|Any CPU.ActiveCfg = Release|Any CPU
		{5B4F97E6-B1E5-4AD7-8B18-886D41E62966}.Release|Any CPU.Build.0 = Release|Any CPU
	EndGlobalSection
	GlobalSection(SolutionProperties) = preSolution
		HideSolutionNode = FALSE
	EndGlobalSection
	GlobalSection(ExtensibilityGlobals) = postSolution
		SolutionGuid = {44C3DBB1-1F56-488B-A498-2D70D1E145BA}
	EndGlobalSection
EndGlobal
